
Microsoft Visual Studio Solution File, Format Version 12.00
# Visual Studio Version 16
VisualStudioVersion = 16.0.30517.126
MinimumVisualStudioVersion = 10.0.40219.1
Project("{FAE04EC0-301F-11D3-BF4B-00C04F79EFBC}") = "MqttPcHeartbeatMonitor", "MqttPcHeartbeatMonitor\MqttPcHeartbeatMonitor.csproj", "{182A4A9A-34B4-4BD7-8E4D-99E6B2F77931}"
EndProject
Global
	GlobalSection(SolutionConfigurationPlatforms) = preSolution
		Debug|Any CPU = Debug|Any CPU
		Release|Any CPU = Release|Any CPU
	EndGlobalSection
	GlobalSection(ProjectConfigurationPlatforms) = postSolution
		{182A4A9A-34B4-4BD7-8E4D-99E6B2F77931}.Debug|Any CPU.ActiveCfg = Debug|Any CPU
		{182A4A9A-34B4-4BD7-8E4D-99E6B2F77931}.Debug|Any CPU.Build.0 = Debug|Any CPU
		{182A4A9A-34B4-4BD7-8E4D-99E6B2F77931}.Release|Any CPU.ActiveCfg = Release|Any CPU
		{182A4A9A-34B4-4BD7-8E4D-99E6B2F77931}.Release|Any CPU.Build.0 = Release|Any CPU
	EndGlobalSection
	GlobalSection(SolutionProperties) = preSolution
		HideSolutionNode = FALSE
	EndGlobalSection
	GlobalSection(ExtensibilityGlobals) = postSolution
		SolutionGuid = {5FF5EF16-D5B2-4871-9DEB-77B2DFBBF45A}
	EndGlobalSection
EndGlobal
